// !$*UTF8*$!
{
	archiveVersion = 1;
	classes = {
	};
	objectVersion = 56;
	objects = {

/* Begin PBXBuildFile section */
		7C07F0B92A93630400AE9E16 /* AstronautView.swift in Sources */ = {isa = PBXBuildFile; fileRef = 7C07F0B82A93630400AE9E16 /* AstronautView.swift */; };
		7CD6EB2F2A88D88B0085947B /* astronauts.json in Resources */ = {isa = PBXBuildFile; fileRef = 7CD6EB2D2A88D88A0085947B /* astronauts.json */; };
		7CD6EB302A88D88B0085947B /* missions.json in Resources */ = {isa = PBXBuildFile; fileRef = 7CD6EB2E2A88D88B0085947B /* missions.json */; };
		7CD6EB322A88DBBF0085947B /* Astronaut.swift in Sources */ = {isa = PBXBuildFile; fileRef = 7CD6EB312A88DBBF0085947B /* Astronaut.swift */; };
		7CD6EB362A88DCC30085947B /* Bundle - Decodable.swift in Sources */ = {isa = PBXBuildFile; fileRef = 7CD6EB352A88DCC30085947B /* Bundle - Decodable.swift */; };
		7CD6EB382A88E6A50085947B /* Mission.swift in Sources */ = {isa = PBXBuildFile; fileRef = 7CD6EB372A88E6A50085947B /* Mission.swift */; };
		7CD6EB3A2A8925A00085947B /* Color-Theme.swift in Sources */ = {isa = PBXBuildFile; fileRef = 7CD6EB392A8925A00085947B /* Color-Theme.swift */; };
		7CD6EB3C2A89374D0085947B /* MissionView.swift in Sources */ = {isa = PBXBuildFile; fileRef = 7CD6EB3B2A89374D0085947B /* MissionView.swift */; };
		7CFA33482A8003660094D346 /* moonShotApp.swift in Sources */ = {isa = PBXBuildFile; fileRef = 7CFA33472A8003660094D346 /* moonShotApp.swift */; };
		7CFA334A2A8003660094D346 /* ContentView.swift in Sources */ = {isa = PBXBuildFile; fileRef = 7CFA33492A8003660094D346 /* ContentView.swift */; };
		7CFA334C2A8003660094D346 /* Assets.xcassets in Resources */ = {isa = PBXBuildFile; fileRef = 7CFA334B2A8003660094D346 /* Assets.xcassets */; };
		7CFA334F2A8003660094D346 /* Preview Assets.xcassets in Resources */ = {isa = PBXBuildFile; fileRef = 7CFA334E2A8003660094D346 /* Preview Assets.xcassets */; };
/* End PBXBuildFile section */

/* Begin PBXFileReference section */
		7C07F0B82A93630400AE9E16 /* AstronautView.swift */ = {isa = PBXFileReference; lastKnownFileType = sourcecode.swift; path = AstronautView.swift; sourceTree = "<group>"; };
		7CD6EB2D2A88D88A0085947B /* astronauts.json */ = {isa = PBXFileReference; fileEncoding = 4; lastKnownFileType = text.json; path = astronauts.json; sourceTree = "<group>"; };
		7CD6EB2E2A88D88B0085947B /* missions.json */ = {isa = PBXFileReference; fileEncoding = 4; lastKnownFileType = text.json; path = missions.json; sourceTree = "<group>"; };
		7CD6EB312A88DBBF0085947B /* Astronaut.swift */ = {isa = PBXFileReference; lastKnownFileType = sourcecode.swift; path = Astronaut.swift; sourceTree = "<group>"; };
		7CD6EB352A88DCC30085947B /* Bundle - Decodable.swift */ = {isa = PBXFileReference; lastKnownFileType = sourcecode.swift; path = "Bundle - Decodable.swift"; sourceTree = "<group>"; };
		7CD6EB372A88E6A50085947B /* Mission.swift */ = {isa = PBXFileReference; lastKnownFileType = sourcecode.swift; path = Mission.swift; sourceTree = "<group>"; };
		7CD6EB392A8925A00085947B /* Color-Theme.swift */ = {isa = PBXFileReference; lastKnownFileType = sourcecode.swift; path = "Color-Theme.swift"; sourceTree = "<group>"; };
		7CD6EB3B2A89374D0085947B /* MissionView.swift */ = {isa = PBXFileReference; lastKnownFileType = sourcecode.swift; path = MissionView.swift; sourceTree = "<group>"; };
		7CFA33442A8003660094D346 /* moonShot.app */ = {isa = PBXFileReference; explicitFileType = wrapper.application; includeInIndex = 0; path = moonShot.app; sourceTree = BUILT_PRODUCTS_DIR; };
		7CFA33472A8003660094D346 /* moonShotApp.swift */ = {isa = PBXFileReference; lastKnownFileType = sourcecode.swift; path = moonShotApp.swift; sourceTree = "<group>"; };
		7CFA33492A8003660094D346 /* ContentView.swift */ = {isa = PBXFileReference; lastKnownFileType = sourcecode.swift; path = ContentView.swift; sourceTree = "<group>"; };
		7CFA334B2A8003660094D346 /* Assets.xcassets */ = {isa = PBXFileReference; lastKnownFileType = folder.assetcatalog; path = Assets.xcassets; sourceTree = "<group>"; };
		7CFA334E2A8003660094D346 /* Preview Assets.xcassets */ = {isa = PBXFileReference; lastKnownFileType = folder.assetcatalog; path = "Preview Assets.xcassets"; sourceTree = "<group>"; };
/* End PBXFileReference section */

/* Begin PBXFrameworksBuildPhase section */
		7CFA33412A8003660094D346 /* Frameworks */ = {
			isa = PBXFrameworksBuildPhase;
			buildActionMask = 2147483647;
			files = (
			);
			runOnlyForDeploymentPostprocessing = 0;
		};
/* End PBXFrameworksBuildPhase section */

/* Begin PBXGroup section */
		7CD6EB332A88DBE40085947B /* Model */ = {
			isa = PBXGroup;
			children = (
				7CD6EB312A88DBBF0085947B /* Astronaut.swift */,
				7CD6EB352A88DCC30085947B /* Bundle - Decodable.swift */,
				7CD6EB372A88E6A50085947B /* Mission.swift */,
				7CD6EB392A8925A00085947B /* Color-Theme.swift */,
			);
			path = Model;
			sourceTree = "<group>";
		};
		7CD6EB342A88DBF20085947B /* View */ = {
			isa = PBXGroup;
			children = (
				7CFA33492A8003660094D346 /* ContentView.swift */,
				7CD6EB3B2A89374D0085947B /* MissionView.swift */,
				7C07F0B82A93630400AE9E16 /* AstronautView.swift */,
			);
			path = View;
			sourceTree = "<group>";
		};
		7CFA333B2A8003660094D346 = {
			isa = PBXGroup;
			children = (
				7CFA33462A8003660094D346 /* moonShot */,
				7CFA33452A8003660094D346 /* Products */,
			);
			sourceTree = "<group>";
		};
		7CFA33452A8003660094D346 /* Products */ = {
			isa = PBXGroup;
			children = (
				7CFA33442A8003660094D346 /* moonShot.app */,
			);
			name = Products;
			sourceTree = "<group>";
		};
		7CFA33462A8003660094D346 /* moonShot */ = {
			isa = PBXGroup;
			children = (
				7CFA33472A8003660094D346 /* moonShotApp.swift */,
				7CD6EB332A88DBE40085947B /* Model */,
				7CD6EB342A88DBF20085947B /* View */,
				7CFA334B2A8003660094D346 /* Assets.xcassets */,
				7CD6EB2D2A88D88A0085947B /* astronauts.json */,
				7CD6EB2E2A88D88B0085947B /* missions.json */,
				7CFA334D2A8003660094D346 /* Preview Content */,
			);
			path = moonShot;
			sourceTree = "<group>";
		};
		7CFA334D2A8003660094D346 /* Preview Content */ = {
			isa = PBXGroup;
			children = (
				7CFA334E2A8003660094D346 /* Preview Assets.xcassets */,
			);
			path = "Preview Content";
			sourceTree = "<group>";
		};
/* End PBXGroup section */

/* Begin PBXNativeTarget section */
		7CFA33432A8003660094D346 /* moonShot */ = {
			isa = PBXNativeTarget;
			buildConfigurationList = 7CFA33522A8003660094D346 /* Build configuration list for PBXNativeTarget "moonShot" */;
			buildPhases = (
				7CFA33402A8003660094D346 /* Sources */,
				7CFA33412A8003660094D346 /* Frameworks */,
				7CFA33422A8003660094D346 /* Resources */,
			);
			buildRules = (
			);
			dependencies = (
			);
			name = moonShot;
			productName = moonShot;
			productReference = 7CFA33442A8003660094D346 /* moonShot.app */;
			productType = "com.apple.product-type.application";
		};
/* End PBXNativeTarget section */

/* Begin PBXProject section */
		7CFA333C2A8003660094D346 /* Project object */ = {
			isa = PBXProject;
			attributes = {
				BuildIndependentTargetsInParallel = 1;
				LastSwiftUpdateCheck = 1430;
				LastUpgradeCheck = 1430;
				TargetAttributes = {
					7CFA33432A8003660094D346 = {
						CreatedOnToolsVersion = 14.3.1;
					};
				};
			};
			buildConfigurationList = 7CFA333F2A8003660094D346 /* Build configuration list for PBXProject "moonShot" */;
			compatibilityVersion = "Xcode 14.0";
			developmentRegion = en;
			hasScannedForEncodings = 0;
			knownRegions = (
				en,
				Base,
			);
			mainGroup = 7CFA333B2A8003660094D346;
			productRefGroup = 7CFA33452A8003660094D346 /* Products */;
			projectDirPath = "";
			projectRoot = "";
			targets = (
				7CFA33432A8003660094D346 /* moonShot */,
			);
		};
/* End PBXProject section */

/* Begin PBXResourcesBuildPhase section */
		7CFA33422A8003660094D346 /* Resources */ = {
			isa = PBXResourcesBuildPhase;
			buildActionMask = 2147483647;
			files = (
				7CD6EB2F2A88D88B0085947B /* astronauts.json in Resources */,
				7CFA334F2A8003660094D346 /* Preview Assets.xcassets in Resources */,
				7CD6EB302A88D88B0085947B /* missions.json in Resources */,
				7CFA334C2A8003660094D346 /* Assets.xcassets in Resources */,
			);
			runOnlyForDeploymentPostprocessing = 0;
		};
/* End PBXResourcesBuildPhase section */

/* Begin PBXSourcesBuildPhase section */
		7CFA33402A8003660094D346 /* Sources */ = {
			isa = PBXSourcesBuildPhase;
			buildActionMask = 2147483647;
			files = (
				7CD6EB3C2A89374D0085947B /* MissionView.swift in Sources */,
				7CD6EB322A88DBBF0085947B /* Astronaut.swift in Sources */,
				7C07F0B92A93630400AE9E16 /* AstronautView.swift in Sources */,
				7CD6EB3A2A8925A00085947B /* Color-Theme.swift in Sources */,
				7CD6EB362A88DCC30085947B /* Bundle - Decodable.swift in Sources */,
				7CFA334A2A8003660094D346 /* ContentView.swift in Sources */,
				7CD6EB382A88E6A50085947B /* Mission.swift in Sources */,
				7CFA33482A8003660094D346 /* moonShotApp.swift in Sources */,
			);
			runOnlyForDeploymentPostprocessing = 0;
		};
/* End PBXSourcesBuildPhase section */

/* Begin XCBuildConfiguration section */
		7CFA33502A8003660094D346 /* Debug */ = {
			isa = XCBuildConfiguration;
			buildSettings = {
				ALWAYS_SEARCH_USER_PATHS = NO;
				CLANG_ANALYZER_NONNULL = YES;
				CLANG_ANALYZER_NUMBER_OBJECT_CONVERSION = YES_AGGRESSIVE;
				CLANG_CXX_LANGUAGE_STANDARD = "gnu++20";
				CLANG_ENABLE_MODULES = YES;
				CLANG_ENABLE_OBJC_ARC = YES;
				CLANG_ENABLE_OBJC_WEAK = YES;
				CLANG_WARN_BLOCK_CAPTURE_AUTORELEASING = YES;
				CLANG_WARN_BOOL_CONVERSION = YES;
				CLANG_WARN_COMMA = YES;
				CLANG_WARN_CONSTANT_CONVERSION = YES;
				CLANG_WARN_DEPRECATED_OBJC_IMPLEMENTATIONS = YES;
				CLANG_WARN_DIRECT_OBJC_ISA_USAGE = YES_ERROR;
				CLANG_WARN_DOCUMENTATION_COMMENTS = YES;
				CLANG_WARN_EMPTY_BODY = YES;
				CLANG_WARN_ENUM_CONVERSION = YES;
				CLANG_WARN_INFINITE_RECURSION = YES;
				CLANG_WARN_INT_CONVERSION = YES;
				CLANG_WARN_NON_LITERAL_NULL_CONVERSION = YES;
				CLANG_WARN_OBJC_IMPLICIT_RETAIN_SELF = YES;
				CLANG_WARN_OBJC_LITERAL_CONVERSION = YES;
				CLANG_WARN_OBJC_ROOT_CLASS = YES_ERROR;
				CLANG_WARN_QUOTED_INCLUDE_IN_FRAMEWORK_HEADER = YES;
				CLANG_WARN_RANGE_LOOP_ANALYSIS = YES;
				CLANG_WARN_STRICT_PROTOTYPES = YES;
				CLANG_WARN_SUSPICIOUS_MOVE = YES;
				CLANG_WARN_UNGUARDED_AVAILABILITY = YES_AGGRESSIVE;
				CLANG_WARN_UNREACHABLE_CODE = YES;
				CLANG_WARN__DUPLICATE_METHOD_MATCH = YES;
				COPY_PHASE_STRIP = NO;
				DEBUG_INFORMATION_FORMAT = dwarf;
				ENABLE_STRICT_OBJC_MSGSEND = YES;
				ENABLE_TESTABILITY = YES;
				GCC_C_LANGUAGE_STANDARD = gnu11;
				GCC_DYNAMIC_NO_PIC = NO;
				GCC_NO_COMMON_BLOCKS = YES;
				GCC_OPTIMIZATION_LEVEL = 0;
				GCC_PREPROCESSOR_DEFINITIONS = (
					"DEBUG=1",
					"$(inherited)",
				);
				GCC_WARN_64_TO_32_BIT_CONVERSION = YES;
				GCC_WARN_ABOUT_RETURN_TYPE = YES_ERROR;
				GCC_WARN_UNDECLARED_SELECTOR = YES;
				GCC_WARN_UNINITIALIZED_AUTOS = YES_AGGRESSIVE;
				GCC_WARN_UNUSED_FUNCTION = YES;
				GCC_WARN_UNUSED_VARIABLE = YES;
				IPHONEOS_DEPLOYMENT_TARGET = 16.4;
				MTL_ENABLE_DEBUG_INFO = INCLUDE_SOURCE;
				MTL_FAST_MATH = YES;
				ONLY_ACTIVE_ARCH = YES;
				SDKROOT = iphoneos;
				SWIFT_ACTIVE_COMPILATION_CONDITIONS = DEBUG;
				SWIFT_OPTIMIZATION_LEVEL = "-Onone";
			};
			name = Debug;
		};
		7CFA33512A8003660094D346 /* Release */ = {
			isa = XCBuildConfiguration;
			buildSettings = {
				ALWAYS_SEARCH_USER_PATHS = NO;
				CLANG_ANALYZER_NONNULL = YES;
				CLANG_ANALYZER_NUMBER_OBJECT_CONVERSION = YES_AGGRESSIVE;
				CLANG_CXX_LANGUAGE_STANDARD = "gnu++20";
				CLANG_ENABLE_MODULES = YES;
				CLANG_ENABLE_OBJC_ARC = YES;
				CLANG_ENABLE_OBJC_WEAK = YES;
				CLANG_WARN_BLOCK_CAPTURE_AUTORELEASING = YES;
				CLANG_WARN_BOOL_CONVERSION = YES;
				CLANG_WARN_COMMA = YES;
				CLANG_WARN_CONSTANT_CONVERSION = YES;
				CLANG_WARN_DEPRECATED_OBJC_IMPLEMENTATIONS = YES;
				CLANG_WARN_DIRECT_OBJC_ISA_USAGE = YES_ERROR;
				CLANG_WARN_DOCUMENTATION_COMMENTS = YES;
				CLANG_WARN_EMPTY_BODY = YES;
				CLANG_WARN_ENUM_CONVERSION = YES;
				CLANG_WARN_INFINITE_RECURSION = YES;
				CLANG_WARN_INT_CONVERSION = YES;
				CLANG_WARN_NON_LITERAL_NULL_CONVERSION = YES;
				CLANG_WARN_OBJC_IMPLICIT_RETAIN_SELF = YES;
				CLANG_WARN_OBJC_LITERAL_CONVERSION = YES;
				CLANG_WARN_OBJC_ROOT_CLASS = YES_ERROR;
				CLANG_WARN_QUOTED_INCLUDE_IN_FRAMEWORK_HEADER = YES;
				CLANG_WARN_RANGE_LOOP_ANALYSIS = YES;
				CLANG_WARN_STRICT_PROTOTYPES = YES;
				CLANG_WARN_SUSPICIOUS_MOVE = YES;
				CLANG_WARN_UNGUARDED_AVAILABILITY = YES_AGGRESSIVE;
				CLANG_WARN_UNREACHABLE_CODE = YES;
				CLANG_WARN__DUPLICATE_METHOD_MATCH = YES;
				COPY_PHASE_STRIP = NO;
				DEBUG_INFORMATION_FORMAT = "dwarf-with-dsym";
				ENABLE_NS_ASSERTIONS = NO;
				ENABLE_STRICT_OBJC_MSGSEND = YES;
				GCC_C_LANGUAGE_STANDARD = gnu11;
				GCC_NO_COMMON_BLOCKS = YES;
				GCC_WARN_64_TO_32_BIT_CONVERSION = YES;
				GCC_WARN_ABOUT_RETURN_TYPE = YES_ERROR;
				GCC_WARN_UNDECLARED_SELECTOR = YES;
				GCC_WARN_UNINITIALIZED_AUTOS = YES_AGGRESSIVE;
				GCC_WARN_UNUSED_FUNCTION = YES;
				GCC_WARN_UNUSED_VARIABLE = YES;
				IPHONEOS_DEPLOYMENT_TARGET = 16.4;
				MTL_ENABLE_DEBUG_INFO = NO;
				MTL_FAST_MATH = YES;
				SDKROOT = iphoneos;
				SWIFT_COMPILATION_MODE = wholemodule;
				SWIFT_OPTIMIZATION_LEVEL = "-O";
				VALIDATE_PRODUCT = YES;
			};
			name = Release;
		};
		7CFA33532A8003660094D346 /* Debug */ = {
			isa = XCBuildConfiguration;
			buildSettings = {
				ASSETCATALOG_COMPILER_APPICON_NAME = AppIcon;
				ASSETCATALOG_COMPILER_GLOBAL_ACCENT_COLOR_NAME = AccentColor;
				CODE_SIGN_STYLE = Automatic;
				CURRENT_PROJECT_VERSION = 1;
				DEVELOPMENT_ASSET_PATHS = "\"moonShot/Preview Content\"";
				DEVELOPMENT_TEAM = 26ZTB6MRV7;
				ENABLE_PREVIEWS = YES;
				GENERATE_INFOPLIST_FILE = YES;
				INFOPLIST_KEY_UIApplicationSceneManifest_Generation = YES;
				INFOPLIST_KEY_UIApplicationSupportsIndirectInputEvents = YES;
				INFOPLIST_KEY_UILaunchScreen_Generation = YES;
				INFOPLIST_KEY_UISupportedInterfaceOrientations_iPad = "UIInterfaceOrientationPortrait UIInterfaceOrientationPortraitUpsideDown UIInterfaceOrientationLandscapeLeft UIInterfaceOrientationLandscapeRight";
				INFOPLIST_KEY_UISupportedInterfaceOrientations_iPhone = "UIInterfaceOrientationPortrait UIInterfaceOrientationLandscapeLeft UIInterfaceOrientationLandscapeRight";
				LD_RUNPATH_SEARCH_PATHS = (
					"$(inherited)",
					"@executable_path/Frameworks",
				);
				MARKETING_VERSION = 1.0;
				PRODUCT_BUNDLE_IDENTIFIER = com.YNMLstudios.moonShot;
				PRODUCT_NAME = "$(TARGET_NAME)";
				SWIFT_EMIT_LOC_STRINGS = YES;
				SWIFT_VERSION = 5.0;
				TARGETED_DEVICE_FAMILY = "1,2";
			};
			name = Debug;
		};
		7CFA33542A8003660094D346 /* Release */ = {
			isa = XCBuildConfiguration;
			buildSettings = {
				ASSETCATALOG_COMPILER_APPICON_NAME = AppIcon;
				ASSETCATALOG_COMPILER_GLOBAL_ACCENT_COLOR_NAME = AccentColor;
				CODE_SIGN_STYLE = Automatic;
				CURRENT_PROJECT_VERSION = 1;
				DEVELOPMENT_ASSET_PATHS = "\"moonShot/Preview Content\"";
				DEVELOPMENT_TEAM = 26ZTB6MRV7;
				ENABLE_PREVIEWS = YES;
				GENERATE_INFOPLIST_FILE = YES;
				INFOPLIST_KEY_UIApplicationSceneManifest_Generation = YES;
				INFOPLIST_KEY_UIApplicationSupportsIndirectInputEvents = YES;
				INFOPLIST_KEY_UILaunchScreen_Generation = YES;
				INFOPLIST_KEY_UISupportedInterfaceOrientations_iPad = "UIInterfaceOrientationPortrait UIInterfaceOrientationPortraitUpsideDown UIInterfaceOrientationLandscapeLeft UIInterfaceOrientationLandscapeRight";
				INFOPLIST_KEY_UISupportedInterfaceOrientations_iPhone = "UIInterfaceOrientationPortrait UIInterfaceOrientationLandscapeLeft UIInterfaceOrientationLandscapeRight";
				LD_RUNPATH_SEARCH_PATHS = (
					"$(inherited)",
					"@executable_path/Frameworks",
				);
				MARKETING_VERSION = 1.0;
				PRODUCT_BUNDLE_IDENTIFIER = com.YNMLstudios.moonShot;
				PRODUCT_NAME = "$(TARGET_NAME)";
				SWIFT_EMIT_LOC_STRINGS = YES;
				SWIFT_VERSION = 5.0;
				TARGETED_DEVICE_FAMILY = "1,2";
			};
			name = Release;
		};
/* End XCBuildConfiguration section */

/* Begin XCConfigurationList section */
		7CFA333F2A8003660094D346 /* Build configuration list for PBXProject "moonShot" */ = {
			isa = XCConfigurationList;
			buildConfigurations = (
				7CFA33502A8003660094D346 /* Debug */,
				7CFA33512A8003660094D346 /* Release */,
			);
			defaultConfigurationIsVisible = 0;
			defaultConfigurationName = Release;
		};
		7CFA33522A8003660094D346 /* Build configuration list for PBXNativeTarget "moonShot" */ = {
			isa = XCConfigurationList;
			buildConfigurations = (
				7CFA33532A8003660094D346 /* Debug */,
				7CFA33542A8003660094D346 /* Release */,
			);
			defaultConfigurationIsVisible = 0;
			defaultConfigurationName = Release;
		};
/* End XCConfigurationList section */
	};
	rootObject = 7CFA333C2A8003660094D346 /* Project object */;
}
